<?xml version="1.0" encoding="utf-8"?>
<Project ToolsVersion="4.0" xmlns="http://schemas.microsoft.com/developer/msbuild/2003">
  <ItemGroup>
    <Filter Include="Kernel">
      <UniqueIdentifier>{363d879d-5862-4629-abd3-2a9064e2b7d2}</UniqueIdentifier>
    </Filter>
    <Filter Include="Parser">
      <UniqueIdentifier>{3522d983-4711-4e26-9607-2132f5bb62de}</UniqueIdentifier>
    </Filter>
    <Filter Include="Parser\TinyXML">
      <UniqueIdentifier>{cd030f54-6989-4c0b-ae0e-4b6eabc6e396}</UniqueIdentifier>
    </Filter>
  </ItemGroup>
  <ItemGroup>
    <ClCompile Include="StdAfx.cpp">
      <Filter>Kernel</Filter>
    </ClCompile>
    <ClCompile Include="xrXMLParser.cpp">
      <Filter>Parser</Filter>
    </ClCompile>
    <ClCompile Include="tinystr.cpp">
      <Filter>Parser\TinyXML</Filter>
    </ClCompile>
    <ClCompile Include="tinyxml.cpp">
      <Filter>Parser\TinyXML</Filter>
    </ClCompile>
    <ClCompile Include="tinyxmlerror.cpp">
      <Filter>Parser\TinyXML</Filter>
    </ClCompile>
    <ClCompile Include="tinyxmlparser.cpp">
      <Filter>Parser\TinyXML</Filter>
    </ClCompile>
  </ItemGroup>
  <ItemGroup>
    <ClInclude Include="stdafx.h">
      <Filter>Kernel</Filter>
    </ClInclude>
    <ClInclude Include="xrXMLParser.h">
      <Filter>Parser</Filter>
    </ClInclude>
    <ClInclude Include="tinystr.h">
      <Filter>Parser\TinyXML</Filter>
    </ClInclude>
    <ClInclude Include="tinyxml.h">
      <Filter>Parser\TinyXML</Filter>
    </ClInclude>
  </ItemGroup>
</Project>