<?xml version="1.0" encoding="utf-8"?>
<Project ToolsVersion="4.0" xmlns="http://schemas.microsoft.com/developer/msbuild/2003">
  <ItemGroup>
    <Filter Include="Core">
      <UniqueIdentifier>{c4cc1a63-be48-41e1-b21e-a80532d8c5c9}</UniqueIdentifier>
    </Filter>
    <Filter Include="Common">
      <UniqueIdentifier>{d2e5c4e9-1732-4b73-8dfe-54867c2d83eb}</UniqueIdentifier>
    </Filter>
    <Filter Include="Common\IntrusivePtr">
      <UniqueIdentifier>{03b2fe8b-4a29-48e5-831e-b8d17e429c29}</UniqueIdentifier>
    </Filter>
    <Filter Include="Common\AComponents">
      <UniqueIdentifier>{9b85cbf8-493f-4c15-b028-d11887e9aea5}</UniqueIdentifier>
    </Filter>
    <Filter Include="Common\AComponents\SpaceRestrictionManager">
      <UniqueIdentifier>{644af540-d086-4ded-8fc3-7673fb7be5dd}</UniqueIdentifier>
    </Filter>
    <Filter Include="Common\ASound">
      <UniqueIdentifier>{f146d2cf-f99c-4899-ab82-8829cc27f24e}</UniqueIdentifier>
    </Filter>
    <Filter Include="Common\ASpace">
      <UniqueIdentifier>{b4839e18-df84-4fe2-a59f-38673115bdfd}</UniqueIdentifier>
    </Filter>
    <Filter Include="Common\ObjectBroker">
      <UniqueIdentifier>{afb5eb1f-c54e-4d4b-a5ff-c09eb9dd34a1}</UniqueIdentifier>
    </Filter>
    <Filter Include="Common\ObjectFactory">
      <UniqueIdentifier>{2bb1c48b-eb28-4e0a-8229-5a7f606a704f}</UniqueIdentifier>
    </Filter>
    <Filter Include="Common\ObjectFactory\object_item_abstract">
      <UniqueIdentifier>{9e4b37b1-cf36-466c-aa5a-79ac21eee60f}</UniqueIdentifier>
    </Filter>
    <Filter Include="Common\ObjectFactory\object_item_client_server">
      <UniqueIdentifier>{282179ee-a72f-484b-98b2-aa0271fb1ddf}</UniqueIdentifier>
    </Filter>
    <Filter Include="Common\ObjectFactory\object_item_script">
      <UniqueIdentifier>{b808d516-9611-4faf-b195-5842eb0feea9}</UniqueIdentifier>
    </Filter>
    <Filter Include="Common\ObjectFactory\object_item_single">
      <UniqueIdentifier>{8d6729a5-7932-413e-9a07-4ead3c48c453}</UniqueIdentifier>
    </Filter>
    <Filter Include="Common\SmartCast">
      <UniqueIdentifier>{8c96ff07-5e44-4240-bd75-6d39032fc0c7}</UniqueIdentifier>
    </Filter>
    <Filter Include="Common\associative_vector">
      <UniqueIdentifier>{57eca733-834d-41b8-8d99-6fe75fe17524}</UniqueIdentifier>
    </Filter>
    <Filter Include="Scripts">
      <UniqueIdentifier>{b7e5efe3-3b3f-4e4a-86aa-a4c329de5c42}</UniqueIdentifier>
    </Filter>
    <Filter Include="Scripts\ScriptClasses">
      <UniqueIdentifier>{b3d9ca5d-7043-4165-8080-60882e28d3f2}</UniqueIdentifier>
    </Filter>
    <Filter Include="Scripts\ScriptClasses\ScriptFmatrix">
      <UniqueIdentifier>{f4f4f523-66a6-4573-8286-bd982118fb8f}</UniqueIdentifier>
    </Filter>
    <Filter Include="Scripts\ScriptClasses\ScriptFvector">
      <UniqueIdentifier>{940e0b7d-9392-41c3-bf4e-d03117669088}</UniqueIdentifier>
    </Filter>
    <Filter Include="Scripts\ScriptClasses\ScriptIniFile">
      <UniqueIdentifier>{153403e4-048f-4d43-b205-4a2106404511}</UniqueIdentifier>
    </Filter>
    <Filter Include="Scripts\ScriptClasses\ScriptIniFile\ScriptTokenList">
      <UniqueIdentifier>{add0f561-c247-465e-8c71-25e20a0b4d06}</UniqueIdentifier>
    </Filter>
    <Filter Include="Scripts\ScriptClasses\ScriptIniFile\ScriptRTokenList">
      <UniqueIdentifier>{2a99ab51-86a1-4b17-b49f-d17104dc74d6}</UniqueIdentifier>
    </Filter>
    <Filter Include="Scripts\ScriptClasses\ScriptNetPacket">
      <UniqueIdentifier>{099b2dee-d2af-40f0-ba24-7b834a37fb0c}</UniqueIdentifier>
    </Filter>
    <Filter Include="Scripts\ScriptClasses\ScriptSoundType">
      <UniqueIdentifier>{9e079fce-df8a-4482-a744-e0cebed1c08b}</UniqueIdentifier>
    </Filter>
    <Filter Include="Scripts\ScriptClasses\ScriptFlags">
      <UniqueIdentifier>{a20f95b9-9903-4672-8c24-a6c2f9e1ff61}</UniqueIdentifier>
    </Filter>
    <Filter Include="Scripts\ScriptClasses\ScriptReader">
      <UniqueIdentifier>{8564f574-406a-4ab4-ae70-61b1f98e5f5e}</UniqueIdentifier>
    </Filter>
    <Filter Include="Scripts\ScriptEngine">
      <UniqueIdentifier>{85af2496-30c7-42ba-bc4f-4e74c6506ee2}</UniqueIdentifier>
    </Filter>
    <Filter Include="Scripts\ScriptStorage">
      <UniqueIdentifier>{c0c404c3-a3e0-4e9a-b0c7-6942e0628679}</UniqueIdentifier>
    </Filter>
    <Filter Include="Scripts\ScriptProcess">
      <UniqueIdentifier>{3e87e1b5-b2c6-481f-ae10-c59ef3ee6cb1}</UniqueIdentifier>
    </Filter>
    <Filter Include="Scripts\ScriptThread">
      <UniqueIdentifier>{b883adcd-3dd1-4ba7-8634-de33e530628f}</UniqueIdentifier>
    </Filter>
    <Filter Include="Scripts\ScriptThread\ScriptStackTracker">
      <UniqueIdentifier>{1c03c8a6-0740-4085-af84-6536d080bc05}</UniqueIdentifier>
    </Filter>
    <Filter Include="Scripts\ScriptDebugger">
      <UniqueIdentifier>{589d3304-4fdc-47fb-bd71-1ced68d20313}</UniqueIdentifier>
    </Filter>
    <Filter Include="Scripts\memory_manager">
      <UniqueIdentifier>{950a019d-6eb6-45e2-9bcf-6947d191d0e3}</UniqueIdentifier>
    </Filter>
    <Filter Include="ServerStuff">
      <UniqueIdentifier>{c71008ed-b3df-4c37-b40c-87000f733269}</UniqueIdentifier>
    </Filter>
    <Filter Include="ServerStuff\Common">
      <UniqueIdentifier>{75592020-8acc-45da-a85a-5a7b0deadb86}</UniqueIdentifier>
    </Filter>
    <Filter Include="ServerStuff\Common\ALifeStuff">
      <UniqueIdentifier>{a83ceb52-acea-46c0-b466-14f59c0a8239}</UniqueIdentifier>
    </Filter>
    <Filter Include="ServerStuff\Common\ALifeStuff\artefact_order">
      <UniqueIdentifier>{c759e4e9-7cc2-4b09-ab71-6fa3d12f1db8}</UniqueIdentifier>
    </Filter>
    <Filter Include="ServerStuff\Common\ALifeStuff\human_brain">
      <UniqueIdentifier>{70450c4a-56d2-426b-9127-d2c670952a10}</UniqueIdentifier>
    </Filter>
    <Filter Include="ServerStuff\Common\ALifeStuff\monster_brain">
      <UniqueIdentifier>{c28430ef-991f-4680-8cbd-324879ac6d0a}</UniqueIdentifier>
    </Filter>
    <Filter Include="ServerStuff\Common\GameStuff">
      <UniqueIdentifier>{d50007f3-4ecb-40fb-95e6-8c5fefef590b}</UniqueIdentifier>
    </Filter>
    <Filter Include="ServerStuff\Common\NetworkStuff">
      <UniqueIdentifier>{bc5e483a-f5fa-443f-b2ed-f03d79e95a09}</UniqueIdentifier>
    </Filter>
    <Filter Include="ServerStuff\Common\PhysicsStuff">
      <UniqueIdentifier>{bc158ec6-15ff-4369-8f65-6e5a55c4c432}</UniqueIdentifier>
    </Filter>
    <Filter Include="ServerStuff\Common\ServerStuff">
      <UniqueIdentifier>{ff59ba48-cfd2-4e51-bdf8-53a547138fbd}</UniqueIdentifier>
    </Filter>
    <Filter Include="ServerStuff\ServerFactory">
      <UniqueIdentifier>{b9eac853-9561-41d6-88f9-0519ceb3584c}</UniqueIdentifier>
    </Filter>
    <Filter Include="ServerStuff\ServerEntities">
      <UniqueIdentifier>{aea51445-42d5-4de5-be45-0fab2cfbb954}</UniqueIdentifier>
    </Filter>
    <Filter Include="ServerStuff\ServerEntities\objects">
      <UniqueIdentifier>{7e428f1b-3ca4-458a-a94b-a341602fc3fb}</UniqueIdentifier>
    </Filter>
    <Filter Include="ServerStuff\ServerEntities\objects_alife">
      <UniqueIdentifier>{3661d96e-1d2f-4ef3-b0b0-6d2b5cd42a40}</UniqueIdentifier>
    </Filter>
    <Filter Include="ServerStuff\ServerEntities\objects_alife_items">
      <UniqueIdentifier>{bff284b3-6b70-48bd-8d8e-ea46bf8c72c8}</UniqueIdentifier>
    </Filter>
    <Filter Include="ServerStuff\ServerEntities\objects_alife_monsters">
      <UniqueIdentifier>{9f0ef34c-02ab-4d9d-93be-e5bc39cd90de}</UniqueIdentifier>
    </Filter>
    <Filter Include="ServerStuff\ServerEntities\editor_properties">
      <UniqueIdentifier>{8025a2bb-bb72-4644-acd7-b1860b01c8c6}</UniqueIdentifier>
    </Filter>
    <Filter Include="ServerStuff\ServerEntities\scripts">
      <UniqueIdentifier>{23198680-d126-4111-b7c4-43728711c57b}</UniqueIdentifier>
    </Filter>
    <Filter Include="ServerStuff\ServerEntities\scripts\script_value">
      <UniqueIdentifier>{a57eb280-55fa-4f2d-906a-b77ba9e48a48}</UniqueIdentifier>
    </Filter>
    <Filter Include="ServerStuff\ServerEntities\scripts\script_value_wrapper">
      <UniqueIdentifier>{451b0648-0739-40a8-a11b-a8e7f70b51a5}</UniqueIdentifier>
    </Filter>
    <Filter Include="ServerStuff\ServerEntities\scripts\script_value_container">
      <UniqueIdentifier>{641a59fa-75b9-42bf-ab7e-2a8e124ec189}</UniqueIdentifier>
    </Filter>
    <Filter Include="ServerStuff\ServerEntities\scripts\script_properties_list_helper">
      <UniqueIdentifier>{d5272aa7-03b3-4191-86bb-d596f91291e8}</UniqueIdentifier>
    </Filter>
  </ItemGroup>
  <ItemGroup>
    <ClInclude Include="DrawUtils.h">
      <Filter>Core</Filter>
    </ClInclude>
    <ClInclude Include="stdafx.h">
      <Filter>Core</Filter>
    </ClInclude>
    <ClInclude Include="xr_LuaAllocator.h">
      <Filter>Core</Filter>
    </ClInclude>
    <ClInclude Include="xrSE_Factory.h">
      <Filter>Core</Filter>
    </ClInclude>
    <ClInclude Include="xrSE_Factory_import_export.h">
      <Filter>Core</Filter>
    </ClInclude>
    <ClInclude Include="defines.h">
      <Filter>Common</Filter>
    </ClInclude>
    <ClInclude Include="FastDelegate.h">
      <Filter>Common</Filter>
    </ClInclude>
    <ClInclude Include="xrLevel.h">
      <Filter>Common</Filter>
    </ClInclude>
    <ClInclude Include="intrusive_ptr.h">
      <Filter>Common\IntrusivePtr</Filter>
    </ClInclude>
    <ClInclude Include="intrusive_ptr_inline.h">
      <Filter>Common\IntrusivePtr</Filter>
    </ClInclude>
    <ClInclude Include="restriction_space.h">
      <Filter>Common\AComponents\SpaceRestrictionManager</Filter>
    </ClInclude>
    <ClInclude Include="ai_sounds.h">
      <Filter>Common\ASound</Filter>
    </ClInclude>
    <ClInclude Include="ai_space.h">
      <Filter>Common\ASpace</Filter>
    </ClInclude>
    <ClInclude Include="ai_space_inline.h">
      <Filter>Common\ASpace</Filter>
    </ClInclude>
    <ClInclude Include="object_broker.h">
      <Filter>Common\ObjectBroker</Filter>
    </ClInclude>
    <ClInclude Include="object_cloner.h">
      <Filter>Common\ObjectBroker</Filter>
    </ClInclude>
    <ClInclude Include="object_comparer.h">
      <Filter>Common\ObjectBroker</Filter>
    </ClInclude>
    <ClInclude Include="object_destroyer.h">
      <Filter>Common\ObjectBroker</Filter>
    </ClInclude>
    <ClInclude Include="object_interfaces.h">
      <Filter>Common\ObjectBroker</Filter>
    </ClInclude>
    <ClInclude Include="object_loader.h">
      <Filter>Common\ObjectBroker</Filter>
    </ClInclude>
    <ClInclude Include="object_saver.h">
      <Filter>Common\ObjectBroker</Filter>
    </ClInclude>
    <ClInclude Include="object_type_traits.h">
      <Filter>Common\ObjectBroker</Filter>
    </ClInclude>
    <ClInclude Include="clsid_game.h">
      <Filter>Common\ObjectFactory</Filter>
    </ClInclude>
    <ClInclude Include="object_factory.h">
      <Filter>Common\ObjectFactory</Filter>
    </ClInclude>
    <ClInclude Include="object_factory_impl.h">
      <Filter>Common\ObjectFactory</Filter>
    </ClInclude>
    <ClInclude Include="object_factory_inline.h">
      <Filter>Common\ObjectFactory</Filter>
    </ClInclude>
    <ClInclude Include="object_factory_space.h">
      <Filter>Common\ObjectFactory</Filter>
    </ClInclude>
    <ClInclude Include="object_item_abstract.h">
      <Filter>Common\ObjectFactory\object_item_abstract</Filter>
    </ClInclude>
    <ClInclude Include="object_item_abstract_inline.h">
      <Filter>Common\ObjectFactory\object_item_abstract</Filter>
    </ClInclude>
    <ClInclude Include="object_item_client_server.h">
      <Filter>Common\ObjectFactory\object_item_client_server</Filter>
    </ClInclude>
    <ClInclude Include="object_item_client_server_inline.h">
      <Filter>Common\ObjectFactory\object_item_client_server</Filter>
    </ClInclude>
    <ClInclude Include="object_item_script.h">
      <Filter>Common\ObjectFactory\object_item_script</Filter>
    </ClInclude>
    <ClInclude Include="object_item_script_inline.h">
      <Filter>Common\ObjectFactory\object_item_script</Filter>
    </ClInclude>
    <ClInclude Include="object_item_single.h">
      <Filter>Common\ObjectFactory\object_item_single</Filter>
    </ClInclude>
    <ClInclude Include="object_item_single_inline.h">
      <Filter>Common\ObjectFactory\object_item_single</Filter>
    </ClInclude>
    <ClInclude Include="smart_cast.h">
      <Filter>Common\SmartCast</Filter>
    </ClInclude>
    <ClInclude Include="smart_cast_impl0.h">
      <Filter>Common\SmartCast</Filter>
    </ClInclude>
    <ClInclude Include="smart_cast_impl1.h">
      <Filter>Common\SmartCast</Filter>
    </ClInclude>
    <ClInclude Include="smart_cast_impl2.h">
      <Filter>Common\SmartCast</Filter>
    </ClInclude>
    <ClInclude Include="associative_vector.h">
      <Filter>Common\associative_vector</Filter>
    </ClInclude>
    <ClInclude Include="associative_vector_compare_predicate.h">
      <Filter>Common\associative_vector</Filter>
    </ClInclude>
    <ClInclude Include="associative_vector_compare_predicate_inline.h">
      <Filter>Common\associative_vector</Filter>
    </ClInclude>
    <ClInclude Include="associative_vector_inline.h">
      <Filter>Common\associative_vector</Filter>
    </ClInclude>
    <ClInclude Include="script_export_macroses.h">
      <Filter>Scripts</Filter>
    </ClInclude>
    <ClInclude Include="script_export_space.h">
      <Filter>Scripts</Filter>
    </ClInclude>
    <ClInclude Include="script_space.h">
      <Filter>Scripts</Filter>
    </ClInclude>
    <ClInclude Include="script_space_forward.h">
      <Filter>Scripts</Filter>
    </ClInclude>
    <ClInclude Include="script_fmatrix.h">
      <Filter>Scripts\ScriptClasses\ScriptFmatrix</Filter>
    </ClInclude>
    <ClInclude Include="script_fcolor.h">
      <Filter>Scripts\ScriptClasses\ScriptFvector</Filter>
    </ClInclude>
    <ClInclude Include="script_fvector.h">
      <Filter>Scripts\ScriptClasses\ScriptFvector</Filter>
    </ClInclude>
    <ClInclude Include="script_ini_file.h">
      <Filter>Scripts\ScriptClasses\ScriptIniFile</Filter>
    </ClInclude>
    <ClInclude Include="script_ini_file_inline.h">
      <Filter>Scripts\ScriptClasses\ScriptIniFile</Filter>
    </ClInclude>
    <ClInclude Include="script_token_list.h">
      <Filter>Scripts\ScriptClasses\ScriptIniFile\ScriptTokenList</Filter>
    </ClInclude>
    <ClInclude Include="script_token_list_inline.h">
      <Filter>Scripts\ScriptClasses\ScriptIniFile\ScriptTokenList</Filter>
    </ClInclude>
    <ClInclude Include="script_rtoken_list.h">
      <Filter>Scripts\ScriptClasses\ScriptIniFile\ScriptRTokenList</Filter>
    </ClInclude>
    <ClInclude Include="script_rtoken_list_inline.h">
      <Filter>Scripts\ScriptClasses\ScriptIniFile\ScriptRTokenList</Filter>
    </ClInclude>
    <ClInclude Include="script_net_packet.h">
      <Filter>Scripts\ScriptClasses\ScriptNetPacket</Filter>
    </ClInclude>
    <ClInclude Include="script_sound_type.h">
      <Filter>Scripts\ScriptClasses\ScriptSoundType</Filter>
    </ClInclude>
    <ClInclude Include="script_flags.h">
      <Filter>Scripts\ScriptClasses\ScriptFlags</Filter>
    </ClInclude>
    <ClInclude Include="script_reader.h">
      <Filter>Scripts\ScriptClasses\ScriptReader</Filter>
    </ClInclude>
    <ClInclude Include="script_engine.h">
      <Filter>Scripts\ScriptEngine</Filter>
    </ClInclude>
    <ClInclude Include="script_engine_export.h">
      <Filter>Scripts\ScriptEngine</Filter>
    </ClInclude>
    <ClInclude Include="script_engine_inline.h">
      <Filter>Scripts\ScriptEngine</Filter>
    </ClInclude>
    <ClInclude Include="script_engine_space.h">
      <Filter>Scripts\ScriptEngine</Filter>
    </ClInclude>
    <ClInclude Include="script_storage.h">
      <Filter>Scripts\ScriptStorage</Filter>
    </ClInclude>
    <ClInclude Include="script_storage_inline.h">
      <Filter>Scripts\ScriptStorage</Filter>
    </ClInclude>
    <ClInclude Include="script_storage_space.h">
      <Filter>Scripts\ScriptStorage</Filter>
    </ClInclude>
    <ClInclude Include="script_process.h">
      <Filter>Scripts\ScriptProcess</Filter>
    </ClInclude>
    <ClInclude Include="script_process_inline.h">
      <Filter>Scripts\ScriptProcess</Filter>
    </ClInclude>
    <ClInclude Include="script_thread.h">
      <Filter>Scripts\ScriptThread</Filter>
    </ClInclude>
    <ClInclude Include="script_thread_inline.h">
      <Filter>Scripts\ScriptThread</Filter>
    </ClInclude>
    <ClInclude Include="script_stack_tracker.h">
      <Filter>Scripts\ScriptThread\ScriptStackTracker</Filter>
    </ClInclude>
    <ClInclude Include="script_stack_tracker_inline.h">
      <Filter>Scripts\ScriptThread\ScriptStackTracker</Filter>
    </ClInclude>
    <ClInclude Include="mslotutils.h">
      <Filter>Scripts\ScriptDebugger</Filter>
    </ClInclude>
    <ClInclude Include="script_callStack.h">
      <Filter>Scripts\ScriptDebugger</Filter>
    </ClInclude>
    <ClInclude Include="script_debugger.h">
      <Filter>Scripts\ScriptDebugger</Filter>
    </ClInclude>
    <ClInclude Include="script_debugger_messages.h">
      <Filter>Scripts\ScriptDebugger</Filter>
    </ClInclude>
    <ClInclude Include="script_debugger_threads.h">
      <Filter>Scripts\ScriptDebugger</Filter>
    </ClInclude>
    <ClInclude Include="script_debugger_utils.h">
      <Filter>Scripts\ScriptDebugger</Filter>
    </ClInclude>
    <ClInclude Include="script_file.h">
      <Filter>Scripts\ScriptDebugger</Filter>
    </ClInclude>
    <ClInclude Include="script_lua_helper.h">
      <Filter>Scripts\ScriptDebugger</Filter>
    </ClInclude>
    <ClInclude Include="doug_lea_memory_allocator.h">
      <Filter>Scripts\memory_manager</Filter>
    </ClInclude>
    <ClInclude Include="alife_space.h">
      <Filter>ServerStuff\Common\ALifeStuff</Filter>
    </ClInclude>
    <ClInclude Include="game_graph_space.h">
      <Filter>ServerStuff\Common\ALifeStuff</Filter>
    </ClInclude>
    <ClInclude Include="alife_artefact_order.h">
      <Filter>ServerStuff\Common\ALifeStuff\artefact_order</Filter>
    </ClInclude>
    <ClInclude Include="alife_human_brain.h">
      <Filter>ServerStuff\Common\ALifeStuff\human_brain</Filter>
    </ClInclude>
    <ClInclude Include="alife_human_brain_inline.h">
      <Filter>ServerStuff\Common\ALifeStuff\human_brain</Filter>
    </ClInclude>
    <ClInclude Include="alife_monster_brain.h">
      <Filter>ServerStuff\Common\ALifeStuff\monster_brain</Filter>
    </ClInclude>
    <ClInclude Include="alife_monster_brain_inline.h">
      <Filter>ServerStuff\Common\ALifeStuff\monster_brain</Filter>
    </ClInclude>
    <ClInclude Include="bone.h">
      <Filter>ServerStuff\Common\GameStuff</Filter>
    </ClInclude>
    <ClInclude Include="game_base_space.h">
      <Filter>ServerStuff\Common\GameStuff</Filter>
    </ClInclude>
    <ClInclude Include="inventory_space.h">
      <Filter>ServerStuff\Common\GameStuff</Filter>
    </ClInclude>
    <ClInclude Include="client_id.h">
      <Filter>ServerStuff\Common\NetworkStuff</Filter>
    </ClInclude>
    <ClInclude Include="NET_Compressor.h">
      <Filter>ServerStuff\Common\NetworkStuff</Filter>
    </ClInclude>
    <ClInclude Include="NET_utils.h">
      <Filter>ServerStuff\Common\NetworkStuff</Filter>
    </ClInclude>
    <ClInclude Include="PHNetState.h">
      <Filter>ServerStuff\Common\PhysicsStuff</Filter>
    </ClInclude>
    <ClInclude Include="PHSynchronize.h">
      <Filter>ServerStuff\Common\PhysicsStuff</Filter>
    </ClInclude>
    <ClInclude Include="character_info.h">
      <Filter>ServerStuff\Common\ServerStuff</Filter>
    </ClInclude>
    <ClInclude Include="character_info_defs.h">
      <Filter>ServerStuff\Common\ServerStuff</Filter>
    </ClInclude>
    <ClInclude Include="shared_data.h">
      <Filter>ServerStuff\Common\ServerStuff</Filter>
    </ClInclude>
    <ClInclude Include="specific_character.h">
      <Filter>ServerStuff\Common\ServerStuff</Filter>
    </ClInclude>
    <ClInclude Include="xml_str_id_loader.h">
      <Filter>ServerStuff\Common\ServerStuff</Filter>
    </ClInclude>
    <ClInclude Include="xrMessages.h">
      <Filter>ServerStuff\Common\ServerStuff</Filter>
    </ClInclude>
    <ClInclude Include="xrServer_Space.h">
      <Filter>ServerStuff\Common\ServerStuff</Filter>
    </ClInclude>
    <ClInclude Include="xrUIXmlParser.h">
      <Filter>ServerStuff\Common\ServerStuff</Filter>
    </ClInclude>
    <ClInclude Include="InfoPortionDefs.h">
      <Filter>ServerStuff\ServerEntities</Filter>
    </ClInclude>
    <ClInclude Include="ShapeData.h">
      <Filter>ServerStuff\ServerEntities</Filter>
    </ClInclude>
    <ClInclude Include="xrServer_Objects_Abstract.h">
      <Filter>ServerStuff\ServerEntities</Filter>
    </ClInclude>
    <ClInclude Include="xrServer_Objects_ALife_All.h">
      <Filter>ServerStuff\ServerEntities</Filter>
    </ClInclude>
    <ClInclude Include="xrServer_script_macroses.h">
      <Filter>ServerStuff\ServerEntities</Filter>
    </ClInclude>
    <ClInclude Include="xrServer_Object_Base.h">
      <Filter>ServerStuff\ServerEntities\objects</Filter>
    </ClInclude>
    <ClInclude Include="xrServer_Objects.h">
      <Filter>ServerStuff\ServerEntities\objects</Filter>
    </ClInclude>
    <ClInclude Include="xrServer_Objects_ALife.h">
      <Filter>ServerStuff\ServerEntities\objects_alife</Filter>
    </ClInclude>
    <ClInclude Include="xrServer_Objects_ALife_Items.h">
      <Filter>ServerStuff\ServerEntities\objects_alife_items</Filter>
    </ClInclude>
    <ClInclude Include="xrServer_Objects_ALife_Monsters.h">
      <Filter>ServerStuff\ServerEntities\objects_alife_monsters</Filter>
    </ClInclude>
    <ClInclude Include="ChooseTypes.h">
      <Filter>ServerStuff\ServerEntities\editor_properties</Filter>
    </ClInclude>
    <ClInclude Include="ItemListTypes.h">
      <Filter>ServerStuff\ServerEntities\editor_properties</Filter>
    </ClInclude>
    <ClInclude Include="PropertiesListTypes.h">
      <Filter>ServerStuff\ServerEntities\editor_properties</Filter>
    </ClInclude>
    <ClInclude Include="Sound.h">
      <Filter>ServerStuff\ServerEntities\editor_properties</Filter>
    </ClInclude>
    <ClInclude Include="WaveForm.h">
      <Filter>ServerStuff\ServerEntities\editor_properties</Filter>
    </ClInclude>
    <ClInclude Include="xrCDB.h">
      <Filter>ServerStuff\ServerEntities\editor_properties</Filter>
    </ClInclude>
    <ClInclude Include="xrEProps.h">
      <Filter>ServerStuff\ServerEntities\editor_properties</Filter>
    </ClInclude>
    <ClInclude Include="script_value.h">
      <Filter>ServerStuff\ServerEntities\scripts\script_value</Filter>
    </ClInclude>
    <ClInclude Include="script_value_inline.h">
      <Filter>ServerStuff\ServerEntities\scripts\script_value</Filter>
    </ClInclude>
    <ClInclude Include="script_value_wrapper.h">
      <Filter>ServerStuff\ServerEntities\scripts\script_value_wrapper</Filter>
    </ClInclude>
    <ClInclude Include="script_value_wrapper_inline.h">
      <Filter>ServerStuff\ServerEntities\scripts\script_value_wrapper</Filter>
    </ClInclude>
    <ClInclude Include="script_value_container.h">
      <Filter>ServerStuff\ServerEntities\scripts\script_value_container</Filter>
    </ClInclude>
    <ClInclude Include="script_value_container_impl.h">
      <Filter>ServerStuff\ServerEntities\scripts\script_value_container</Filter>
    </ClInclude>
    <ClInclude Include="script_properties_list_helper.h">
      <Filter>ServerStuff\ServerEntities\scripts\script_properties_list_helper</Filter>
    </ClInclude>
  </ItemGroup>
  <ItemGroup>
    <ClCompile Include="stdafx.cpp">
      <Filter>Core</Filter>
    </ClCompile>
    <ClCompile Include="xr_LuaAllocator.c">
      <Filter>Core</Filter>
    </ClCompile>
    <ClCompile Include="xrSE_Factory.cpp">
      <Filter>Core</Filter>
    </ClCompile>
    <ClCompile Include="ai_space.cpp">
      <Filter>Common\ASpace</Filter>
    </ClCompile>
    <ClCompile Include="object_factory.cpp">
      <Filter>Common\ObjectFactory</Filter>
    </ClCompile>
    <ClCompile Include="object_factory_register.cpp">
      <Filter>Common\ObjectFactory</Filter>
    </ClCompile>
    <ClCompile Include="object_factory_script.cpp">
      <Filter>Common\ObjectFactory</Filter>
    </ClCompile>
    <ClCompile Include="object_item_script.cpp">
      <Filter>Common\ObjectFactory\object_item_script</Filter>
    </ClCompile>
    <ClCompile Include="smart_cast.cpp">
      <Filter>Common\SmartCast</Filter>
    </ClCompile>
    <ClCompile Include="smart_cast_stats.cpp">
      <Filter>Common\SmartCast</Filter>
    </ClCompile>
    <ClCompile Include="script_fmatrix_script.cpp">
      <Filter>Scripts\ScriptClasses\ScriptFmatrix</Filter>
    </ClCompile>
    <ClCompile Include="script_fcolor_script.cpp">
      <Filter>Scripts\ScriptClasses\ScriptFvector</Filter>
    </ClCompile>
    <ClCompile Include="script_fvector_script.cpp">
      <Filter>Scripts\ScriptClasses\ScriptFvector</Filter>
    </ClCompile>
    <ClCompile Include="script_ini_file.cpp">
      <Filter>Scripts\ScriptClasses\ScriptIniFile</Filter>
    </ClCompile>
    <ClCompile Include="script_ini_file_script.cpp">
      <Filter>Scripts\ScriptClasses\ScriptIniFile</Filter>
    </ClCompile>
    <ClCompile Include="script_token_list.cpp">
      <Filter>Scripts\ScriptClasses\ScriptIniFile\ScriptTokenList</Filter>
    </ClCompile>
    <ClCompile Include="script_token_list_script.cpp">
      <Filter>Scripts\ScriptClasses\ScriptIniFile\ScriptTokenList</Filter>
    </ClCompile>
    <ClCompile Include="script_rtoken_list_script.cpp">
      <Filter>Scripts\ScriptClasses\ScriptIniFile\ScriptRTokenList</Filter>
    </ClCompile>
    <ClCompile Include="script_net_packet_script.cpp">
      <Filter>Scripts\ScriptClasses\ScriptNetPacket</Filter>
    </ClCompile>
    <ClCompile Include="script_sound_type_script.cpp">
      <Filter>Scripts\ScriptClasses\ScriptSoundType</Filter>
    </ClCompile>
    <ClCompile Include="script_flags_script.cpp">
      <Filter>Scripts\ScriptClasses\ScriptFlags</Filter>
    </ClCompile>
    <ClCompile Include="script_reader_script.cpp">
      <Filter>Scripts\ScriptClasses\ScriptReader</Filter>
    </ClCompile>
    <ClCompile Include="script_engine.cpp">
      <Filter>Scripts\ScriptEngine</Filter>
    </ClCompile>
    <ClCompile Include="script_engine_export.cpp">
      <Filter>Scripts\ScriptEngine</Filter>
    </ClCompile>
    <ClCompile Include="script_engine_script.cpp">
      <Filter>Scripts\ScriptEngine</Filter>
    </ClCompile>
    <ClCompile Include="script_storage.cpp">
      <Filter>Scripts\ScriptStorage</Filter>
    </ClCompile>
    <ClCompile Include="script_process.cpp">
      <Filter>Scripts\ScriptProcess</Filter>
    </ClCompile>
    <ClCompile Include="script_thread.cpp">
      <Filter>Scripts\ScriptThread</Filter>
    </ClCompile>
    <ClCompile Include="script_stack_tracker.cpp">
      <Filter>Scripts\ScriptThread\ScriptStackTracker</Filter>
    </ClCompile>
    <ClCompile Include="script_callStack.cpp">
      <Filter>Scripts\ScriptDebugger</Filter>
    </ClCompile>
    <ClCompile Include="script_debugger.cpp">
      <Filter>Scripts\ScriptDebugger</Filter>
    </ClCompile>
    <ClCompile Include="script_debugger_threads.cpp">
      <Filter>Scripts\ScriptDebugger</Filter>
    </ClCompile>
    <ClCompile Include="script_debugger_utils.cpp">
      <Filter>Scripts\ScriptDebugger</Filter>
    </ClCompile>
    <ClCompile Include="script_file.cpp">
      <Filter>Scripts\ScriptDebugger</Filter>
    </ClCompile>
    <ClCompile Include="script_lua_helper.cpp">
      <Filter>Scripts\ScriptDebugger</Filter>
    </ClCompile>
    <ClCompile Include="doug_lea_memory_allocator.c">
      <Filter>Scripts\memory_manager</Filter>
    </ClCompile>
    <ClCompile Include="alife_space.cpp">
      <Filter>ServerStuff\Common\ALifeStuff</Filter>
    </ClCompile>
    <ClCompile Include="alife_artefact_order.cpp">
      <Filter>ServerStuff\Common\ALifeStuff\artefact_order</Filter>
    </ClCompile>
    <ClCompile Include="alife_human_brain.cpp">
      <Filter>ServerStuff\Common\ALifeStuff\human_brain</Filter>
    </ClCompile>
    <ClCompile Include="alife_monster_brain.cpp">
      <Filter>ServerStuff\Common\ALifeStuff\monster_brain</Filter>
    </ClCompile>
    <ClCompile Include="PHNetState.cpp">
      <Filter>ServerStuff\Common\PhysicsStuff</Filter>
    </ClCompile>
    <ClCompile Include="PHSynchronize.cpp">
      <Filter>ServerStuff\Common\PhysicsStuff</Filter>
    </ClCompile>
    <ClCompile Include="character_info.cpp">
      <Filter>ServerStuff\Common\ServerStuff</Filter>
    </ClCompile>
    <ClCompile Include="specific_character.cpp">
      <Filter>ServerStuff\Common\ServerStuff</Filter>
    </ClCompile>
    <ClCompile Include="xrUIXmlParser.cpp">
      <Filter>ServerStuff\Common\ServerStuff</Filter>
    </ClCompile>
    <ClCompile Include="xrServer_Factory.cpp">
      <Filter>ServerStuff\ServerFactory</Filter>
    </ClCompile>
    <ClCompile Include="xrServer_Objects_Abstract.cpp">
      <Filter>ServerStuff\ServerEntities</Filter>
    </ClCompile>
    <ClCompile Include="xrServer_Object_Base.cpp">
      <Filter>ServerStuff\ServerEntities\objects</Filter>
    </ClCompile>
    <ClCompile Include="xrServer_Objects.cpp">
      <Filter>ServerStuff\ServerEntities\objects</Filter>
    </ClCompile>
    <ClCompile Include="xrServer_Objects_script.cpp">
      <Filter>ServerStuff\ServerEntities\objects</Filter>
    </ClCompile>
    <ClCompile Include="xrServer_Objects_script2.cpp">
      <Filter>ServerStuff\ServerEntities\objects</Filter>
    </ClCompile>
    <ClCompile Include="xrServer_Objects_ALife.cpp">
      <Filter>ServerStuff\ServerEntities\objects_alife</Filter>
    </ClCompile>
    <ClCompile Include="xrServer_Objects_ALife_script.cpp">
      <Filter>ServerStuff\ServerEntities\objects_alife</Filter>
    </ClCompile>
    <ClCompile Include="xrServer_Objects_ALife_script2.cpp">
      <Filter>ServerStuff\ServerEntities\objects_alife</Filter>
    </ClCompile>
    <ClCompile Include="xrServer_Objects_ALife_script3.cpp">
      <Filter>ServerStuff\ServerEntities\objects_alife</Filter>
    </ClCompile>
    <ClCompile Include="xrServer_Objects_ALife_Items.cpp">
      <Filter>ServerStuff\ServerEntities\objects_alife_items</Filter>
    </ClCompile>
    <ClCompile Include="xrServer_Objects_ALife_Items_script.cpp">
      <Filter>ServerStuff\ServerEntities\objects_alife_items</Filter>
    </ClCompile>
    <ClCompile Include="xrServer_Objects_ALife_Items_script2.cpp">
      <Filter>ServerStuff\ServerEntities\objects_alife_items</Filter>
    </ClCompile>
    <ClCompile Include="xrServer_Objects_ALife_Items_script3.cpp">
      <Filter>ServerStuff\ServerEntities\objects_alife_items</Filter>
    </ClCompile>
    <ClCompile Include="xrServer_Objects_ALife_Monsters.cpp">
      <Filter>ServerStuff\ServerEntities\objects_alife_monsters</Filter>
    </ClCompile>
    <ClCompile Include="xrServer_Objects_ALife_Monsters_script.cpp">
      <Filter>ServerStuff\ServerEntities\objects_alife_monsters</Filter>
    </ClCompile>
    <ClCompile Include="xrServer_Objects_ALife_Monsters_script2.cpp">
      <Filter>ServerStuff\ServerEntities\objects_alife_monsters</Filter>
    </ClCompile>
    <ClCompile Include="xrserver_objects_alife_monsters_script3.cpp">
      <Filter>ServerStuff\ServerEntities\objects_alife_monsters</Filter>
    </ClCompile>
    <ClCompile Include="xrServer_Objects_ALife_Monsters_script4.cpp">
      <Filter>ServerStuff\ServerEntities\objects_alife_monsters</Filter>
    </ClCompile>
    <ClCompile Include="properties_list_helper_script.cpp">
      <Filter>ServerStuff\ServerEntities\scripts\script_properties_list_helper</Filter>
    </ClCompile>
    <ClCompile Include="script_properties_list_helper.cpp">
      <Filter>ServerStuff\ServerEntities\scripts\script_properties_list_helper</Filter>
    </ClCompile>
  </ItemGroup>
</Project>