<?xml version="1.0" encoding="utf-8"?>
<Project ToolsVersion="4.0" xmlns="http://schemas.microsoft.com/developer/msbuild/2003">
  <ItemGroup>
    <Filter Include="Kernel">
      <UniqueIdentifier>{077600ea-4e61-425a-bea3-76fe367c1e53}</UniqueIdentifier>
    </Filter>
    <Filter Include="Kernel\Resource Files">
      <UniqueIdentifier>{6f19ca3c-0fd6-4cc2-a46b-4a5a0a665823}</UniqueIdentifier>
      <Extensions>ico;cur;bmp;dlg;rc2;rct;bin;rgs;gif;jpg;jpeg;jpe</Extensions>
    </Filter>
    <Filter Include="Kernel\Log">
      <UniqueIdentifier>{fd7048fb-56da-4b52-bf21-28082d1c06dd}</UniqueIdentifier>
    </Filter>
    <Filter Include="Kernel\Generic">
      <UniqueIdentifier>{9e5e2ee6-c351-4c8c-b10b-245aed649573}</UniqueIdentifier>
    </Filter>
    <Filter Include="Kernel\CDB">
      <UniqueIdentifier>{1442cc7e-8b4b-491d-aca3-05dfc60390f4}</UniqueIdentifier>
    </Filter>
    <Filter Include="Kernel\Random32">
      <UniqueIdentifier>{0f2965f2-aaed-4e33-9334-86aff2bf243c}</UniqueIdentifier>
    </Filter>
    <Filter Include="Compiler">
      <UniqueIdentifier>{c7b9c034-bd9b-4774-8523-0f4861007054}</UniqueIdentifier>
    </Filter>
    <Filter Include="ALife">
      <UniqueIdentifier>{20cb4ca1-39cb-4d15-b6e1-ae71f709be73}</UniqueIdentifier>
    </Filter>
    <Filter Include="ALife\search">
      <UniqueIdentifier>{ed968053-2153-4ae7-b7a9-8d7c27877642}</UniqueIdentifier>
    </Filter>
    <Filter Include="ALife\search\path_managers">
      <UniqueIdentifier>{72b788ef-7a9c-4836-88a6-d7f615766227}</UniqueIdentifier>
    </Filter>
    <Filter Include="ALife\search\path_managers\path_manager_game">
      <UniqueIdentifier>{ec377e00-2b8c-49e4-8b88-8226c6f06cc7}</UniqueIdentifier>
    </Filter>
    <Filter Include="ALife\search\path_managers\path_manager_game\path_manager_game_vertex_type">
      <UniqueIdentifier>{4914364a-6166-4342-a40d-8f567bd49302}</UniqueIdentifier>
    </Filter>
    <Filter Include="ALife\search\path_managers\path_manager_game\path_manager_game_level">
      <UniqueIdentifier>{f92c8d68-b27c-4704-8bbb-503aca2ef409}</UniqueIdentifier>
    </Filter>
    <Filter Include="ALife\search\path_managers\path_manager_generic">
      <UniqueIdentifier>{1e5de291-73b6-4c4e-a2af-290d2cddb4a9}</UniqueIdentifier>
    </Filter>
    <Filter Include="ALife\search\path_managers\path_manager_level">
      <UniqueIdentifier>{035dd381-7b22-4ca8-a633-54adf20f0d73}</UniqueIdentifier>
    </Filter>
    <Filter Include="ALife\search\path_managers\path_manager_level\path_manager_level_evaluator">
      <UniqueIdentifier>{1ac83d7a-414c-44df-8e6e-82148d4c3eaf}</UniqueIdentifier>
    </Filter>
    <Filter Include="ALife\search\path_managers\path_manager_level\path_manager_level_flooder">
      <UniqueIdentifier>{83bc2ca1-f1d8-4d49-bd2f-c2f9e0ad33f1}</UniqueIdentifier>
    </Filter>
    <Filter Include="ALife\search\path_managers\path_manager_level\path_manager_level_straight_line">
      <UniqueIdentifier>{979a6935-754e-4ead-a511-6628c4b3a766}</UniqueIdentifier>
    </Filter>
    <Filter Include="ALife\search\path_managers\path_manager_params">
      <UniqueIdentifier>{83bf69b0-3c13-4bb0-b06a-d67867d128e3}</UniqueIdentifier>
    </Filter>
    <Filter Include="ALife\search\algorithms">
      <UniqueIdentifier>{aad574ed-d3c4-4f49-9041-04791a18bece}</UniqueIdentifier>
    </Filter>
    <Filter Include="ALife\search\algorithms\A%2a">
      <UniqueIdentifier>{6660d9d4-a905-41be-9806-ff31ae49b48d}</UniqueIdentifier>
    </Filter>
    <Filter Include="ALife\search\algorithms\Dijkstra">
      <UniqueIdentifier>{0f37ac47-8b77-4bf8-8e4e-ca51acc35199}</UniqueIdentifier>
    </Filter>
    <Filter Include="ALife\search\data_storages">
      <UniqueIdentifier>{de5af78a-c066-482a-84e3-35c99f900845}</UniqueIdentifier>
    </Filter>
    <Filter Include="ALife\search\data_storages\algorithms">
      <UniqueIdentifier>{83afe88d-38c6-478a-a753-92d960f4de08}</UniqueIdentifier>
    </Filter>
    <Filter Include="ALife\search\data_storages\algorithms\priority_queues">
      <UniqueIdentifier>{6a7fe519-0907-4fc8-bed2-9787aa08f3ac}</UniqueIdentifier>
    </Filter>
    <Filter Include="ALife\search\data_storages\algorithms\priority_queues\binary_heap">
      <UniqueIdentifier>{ffd9a65e-249f-40da-a1ca-b23508dd7b34}</UniqueIdentifier>
    </Filter>
    <Filter Include="ALife\search\data_storages\algorithms\lists">
      <UniqueIdentifier>{46d6faa5-2534-43aa-9702-98c277871336}</UniqueIdentifier>
    </Filter>
    <Filter Include="ALife\search\data_storages\algorithms\lists\bucket_list">
      <UniqueIdentifier>{12342af8-e1c0-4cfe-9a58-62c4ab3b7955}</UniqueIdentifier>
    </Filter>
    <Filter Include="ALife\search\data_storages\algorithms\lists\double_linked_list">
      <UniqueIdentifier>{5d6ca2da-3baa-4e83-bfa5-6d90f5fd39d2}</UniqueIdentifier>
    </Filter>
    <Filter Include="ALife\search\data_storages\algorithms\lists\single_linked_list">
      <UniqueIdentifier>{450807b2-1d8c-4baf-8d84-729922bb7773}</UniqueIdentifier>
    </Filter>
    <Filter Include="ALife\search\data_storages\data_storage_constructors">
      <UniqueIdentifier>{4f409f26-c59b-429e-8f17-1988300413e2}</UniqueIdentifier>
    </Filter>
    <Filter Include="ALife\search\data_storages\data_storage_constructors\builder_allocator">
      <UniqueIdentifier>{905ab24d-b5c2-4b43-9e32-402870c4590f}</UniqueIdentifier>
    </Filter>
    <Filter Include="ALife\search\data_storages\data_storage_constructors\manager_builder_allocator">
      <UniqueIdentifier>{f96d2ef6-9fef-49b1-8dfa-aa88a8337b6b}</UniqueIdentifier>
    </Filter>
    <Filter Include="ALife\search\data_storages\path_builders">
      <UniqueIdentifier>{5bd10a9f-ebd9-4181-af48-26a94c4eb140}</UniqueIdentifier>
    </Filter>
    <Filter Include="ALife\search\data_storages\path_builders\edge_path">
      <UniqueIdentifier>{ffce1ec9-6a56-418e-9166-453494bbf193}</UniqueIdentifier>
    </Filter>
    <Filter Include="ALife\search\data_storages\path_builders\vertex_path">
      <UniqueIdentifier>{62caa3e6-5db8-42d0-86f3-7a343e2e0f9f}</UniqueIdentifier>
    </Filter>
    <Filter Include="ALife\search\data_storages\vertex_allocators">
      <UniqueIdentifier>{007822d2-a68d-4f7d-9de0-2768a715349c}</UniqueIdentifier>
    </Filter>
    <Filter Include="ALife\search\data_storages\vertex_allocators\fixed">
      <UniqueIdentifier>{823fa61b-cbe3-411d-ab47-3fd6793ec538}</UniqueIdentifier>
    </Filter>
    <Filter Include="ALife\search\data_storages\vertex_managers">
      <UniqueIdentifier>{c84eb6c2-68f0-4feb-9cee-a291c905dca9}</UniqueIdentifier>
    </Filter>
    <Filter Include="ALife\search\data_storages\vertex_managers\fixed">
      <UniqueIdentifier>{aa4d88b4-639c-4e10-8282-f5865c404022}</UniqueIdentifier>
    </Filter>
    <Filter Include="ALife\search\data_storages\vertex_managers\hash_fixed">
      <UniqueIdentifier>{ceebef3b-0c2c-4cc6-b85b-b75bb48ce0a0}</UniqueIdentifier>
    </Filter>
    <Filter Include="ALife\search\graphs">
      <UniqueIdentifier>{fb8e4d5a-299a-4e59-9d31-12e4f8ed961f}</UniqueIdentifier>
    </Filter>
    <Filter Include="ALife\search\graphs\abstract_graph">
      <UniqueIdentifier>{ca6ad926-5cb2-4f74-ad3b-e3ded6cd6063}</UniqueIdentifier>
    </Filter>
    <Filter Include="ALife\search\graphs\abstract_graph\graph_edge">
      <UniqueIdentifier>{b1d498d4-a96a-4cee-8a41-d2f29dbcd012}</UniqueIdentifier>
    </Filter>
    <Filter Include="ALife\search\graphs\abstract_graph\graph_vertex">
      <UniqueIdentifier>{db900506-59e0-4a8c-a74f-bbf17e410bef}</UniqueIdentifier>
    </Filter>
    <Filter Include="ALife\search\graphs\cross_table">
      <UniqueIdentifier>{5af473ca-81d0-431a-8f93-9df4cb2637f9}</UniqueIdentifier>
    </Filter>
    <Filter Include="ALife\search\graphs\game_graph">
      <UniqueIdentifier>{af5c84ac-250e-49b2-89a7-16567cdb5121}</UniqueIdentifier>
    </Filter>
    <Filter Include="ALife\search\graphs\level_graph">
      <UniqueIdentifier>{57609811-12f0-4ce6-838e-4c7845ecd8d1}</UniqueIdentifier>
    </Filter>
    <Filter Include="ALife\search\graph_engine">
      <UniqueIdentifier>{5247d3b3-c15e-4dcc-8bb0-bab0cee129fa}</UniqueIdentifier>
    </Filter>
    <Filter Include="ALife\Cross">
      <UniqueIdentifier>{ac9d5bb0-473a-439b-9288-f503eb3c9bf9}</UniqueIdentifier>
    </Filter>
    <Filter Include="ALife\Graph">
      <UniqueIdentifier>{adff82c0-7715-423f-8c4e-ad2e7d52ad58}</UniqueIdentifier>
    </Filter>
    <Filter Include="ALife\Merge">
      <UniqueIdentifier>{c65eb1cd-2492-4056-bc2a-07bfcec941cf}</UniqueIdentifier>
    </Filter>
    <Filter Include="ALife\Shared">
      <UniqueIdentifier>{459a4740-d26a-4e0c-8600-002f83d2dc33}</UniqueIdentifier>
    </Filter>
    <Filter Include="ALife\Shared\ALife">
      <UniqueIdentifier>{1b767e5d-6e44-44b0-8a60-84d9937f6dd8}</UniqueIdentifier>
    </Filter>
    <Filter Include="ALife\Shared\ALife\alife_artefact_order">
      <UniqueIdentifier>{e0625f96-8143-4acd-aef9-331dee98b79f}</UniqueIdentifier>
    </Filter>
    <Filter Include="ALife\Shared\ALife\alife_human_brain">
      <UniqueIdentifier>{8d8744c8-d8d1-48ae-ad30-7023702fc02c}</UniqueIdentifier>
    </Filter>
    <Filter Include="ALife\Shared\ALife\alife_monster_brain">
      <UniqueIdentifier>{697898ee-4b10-4d64-b232-9532954cea2c}</UniqueIdentifier>
    </Filter>
    <Filter Include="ALife\Shared\ALife\alife_space">
      <UniqueIdentifier>{45da84b7-57a3-4831-8f1a-8938106f632f}</UniqueIdentifier>
    </Filter>
    <Filter Include="ALife\Shared\ServerEntities">
      <UniqueIdentifier>{48b8c6d7-4bfa-4b3b-995a-236e6c866d39}</UniqueIdentifier>
    </Filter>
    <Filter Include="ALife\Shared\Server">
      <UniqueIdentifier>{aad128ce-8556-4c04-966f-7ca1ef72cd27}</UniqueIdentifier>
    </Filter>
    <Filter Include="ALife\Shared\ObjectBroker">
      <UniqueIdentifier>{8296fb13-dada-4b51-ac8d-807f4d0502d2}</UniqueIdentifier>
    </Filter>
    <Filter Include="ALife\Shared\Common">
      <UniqueIdentifier>{fa5c529c-28d3-4fd2-b801-0c97905f5661}</UniqueIdentifier>
    </Filter>
    <Filter Include="ALife\Shared\IntrusivePtr">
      <UniqueIdentifier>{3bc30678-de04-4b29-b86f-6eba24feff27}</UniqueIdentifier>
    </Filter>
    <Filter Include="ALife\Shared\associative_vector">
      <UniqueIdentifier>{a7270a56-16c7-4d6f-b9f4-eccb72c7d830}</UniqueIdentifier>
    </Filter>
    <Filter Include="ALife\Spawn">
      <UniqueIdentifier>{8a5201bb-8c75-416b-8f76-d0dfeff6951a}</UniqueIdentifier>
    </Filter>
    <Filter Include="ALife\Spawn\game_spawn_constructor">
      <UniqueIdentifier>{9ef1fb97-5623-4199-8b45-b31cb29e9cee}</UniqueIdentifier>
    </Filter>
    <Filter Include="ALife\Spawn\level_spawn_constructor">
      <UniqueIdentifier>{3b1d474a-8b70-45e1-a864-d8fde7f47292}</UniqueIdentifier>
    </Filter>
    <Filter Include="ALife\Spawn\level_spawn_constructor\space_restrictor_wrapper">
      <UniqueIdentifier>{647cd8d9-bf6b-404a-ac88-3a8b61a194d5}</UniqueIdentifier>
    </Filter>
    <Filter Include="ALife\Spawn\server_entity_wrapper">
      <UniqueIdentifier>{8394b96a-8d04-4360-b3e8-24b490cdc18b}</UniqueIdentifier>
    </Filter>
    <Filter Include="ALife\Spawn\patrol_paths">
      <UniqueIdentifier>{e1ae1975-35b9-4355-a743-dd26481e0e21}</UniqueIdentifier>
    </Filter>
    <Filter Include="ALife\Spawn\patrol_paths\patrol_path">
      <UniqueIdentifier>{084a0715-4dc9-4597-a5fa-1e094d27328f}</UniqueIdentifier>
    </Filter>
    <Filter Include="ALife\Spawn\patrol_paths\patrol_path_storage">
      <UniqueIdentifier>{f987f13a-e011-49e3-9142-34906318d8c4}</UniqueIdentifier>
    </Filter>
    <Filter Include="ALife\Spawn\patrol_paths\patrol_point">
      <UniqueIdentifier>{814c397c-cd9c-4fb4-89be-7c41a9323f24}</UniqueIdentifier>
    </Filter>
    <Filter Include="ALife\Verify">
      <UniqueIdentifier>{d89d2414-f92c-4af4-bc9f-5f9481a2f4cd}</UniqueIdentifier>
    </Filter>
    <Filter Include="ALife\guid_generator">
      <UniqueIdentifier>{e8d9b1dc-4fbb-4d6b-b0a5-6a5122395d29}</UniqueIdentifier>
    </Filter>
  </ItemGroup>
  <ItemGroup>
    <ClInclude Include="communicate.h">
      <Filter>Kernel</Filter>
    </ClInclude>
    <ClInclude Include="defines.h">
      <Filter>Kernel</Filter>
    </ClInclude>
    <ClInclude Include="factory_api.h">
      <Filter>Kernel</Filter>
    </ClInclude>
    <ClInclude Include="FastDelegate.h">
      <Filter>Kernel</Filter>
    </ClInclude>
    <ClInclude Include="StdAfx.h">
      <Filter>Kernel</Filter>
    </ClInclude>
    <ClInclude Include="tga.h">
      <Filter>Kernel</Filter>
    </ClInclude>
    <ClInclude Include="xrAI.h">
      <Filter>Kernel</Filter>
    </ClInclude>
    <ClInclude Include="xrShaderTypes.h">
      <Filter>Kernel</Filter>
    </ClInclude>
    <ClInclude Include="xrThread.h">
      <Filter>Kernel</Filter>
    </ClInclude>
    <ClInclude Include="resource.h">
      <Filter>Kernel\Resource Files</Filter>
    </ClInclude>
    <ClInclude Include="cl_log.h">
      <Filter>Kernel\Log</Filter>
    </ClInclude>
    <ClInclude Include="_d3d_extensions.h">
      <Filter>Kernel\Generic</Filter>
    </ClInclude>
    <ClInclude Include="FTimer.h">
      <Filter>Kernel\Generic</Filter>
    </ClInclude>
    <ClInclude Include="light.h">
      <Filter>Kernel\Generic</Filter>
    </ClInclude>
    <ClInclude Include="std_classes.h">
      <Filter>Kernel\Generic</Filter>
    </ClInclude>
    <ClInclude Include="cl_collector.h">
      <Filter>Kernel\CDB</Filter>
    </ClInclude>
    <ClInclude Include="cl_intersect.h">
      <Filter>Kernel\CDB</Filter>
    </ClInclude>
    <ClInclude Include="xrCDB.h">
      <Filter>Kernel\CDB</Filter>
    </ClInclude>
    <ClInclude Include="random32.h">
      <Filter>Kernel\Random32</Filter>
    </ClInclude>
    <ClInclude Include="AIMapExport.h">
      <Filter>Compiler</Filter>
    </ClInclude>
    <ClInclude Include="compiler.h">
      <Filter>Compiler</Filter>
    </ClInclude>
    <ClInclude Include="ETextureParams.h">
      <Filter>Compiler</Filter>
    </ClInclude>
    <ClInclude Include="FreeImage.h">
      <Filter>Compiler</Filter>
    </ClInclude>
    <ClInclude Include="LevelGameDef.h">
      <Filter>Compiler</Filter>
    </ClInclude>
    <ClInclude Include="motion_simulator.h">
      <Filter>Compiler</Filter>
    </ClInclude>
    <ClInclude Include="Shader_xrLC.h">
      <Filter>Compiler</Filter>
    </ClInclude>
    <ClInclude Include="xrLevel.h">
      <Filter>Compiler</Filter>
    </ClInclude>
    <ClInclude Include="path_manager.h">
      <Filter>ALife\search\path_managers</Filter>
    </ClInclude>
    <ClInclude Include="path_manager_game.h">
      <Filter>ALife\search\path_managers\path_manager_game</Filter>
    </ClInclude>
    <ClInclude Include="path_manager_game_inline.h">
      <Filter>ALife\search\path_managers\path_manager_game</Filter>
    </ClInclude>
    <ClInclude Include="path_manager_game_vertex_type.h">
      <Filter>ALife\search\path_managers\path_manager_game\path_manager_game_vertex_type</Filter>
    </ClInclude>
    <ClInclude Include="path_manager_game_vertex_type_inline.h">
      <Filter>ALife\search\path_managers\path_manager_game\path_manager_game_vertex_type</Filter>
    </ClInclude>
    <ClInclude Include="path_manager_game_level.h">
      <Filter>ALife\search\path_managers\path_manager_game\path_manager_game_level</Filter>
    </ClInclude>
    <ClInclude Include="path_manager_game_level_inline.h">
      <Filter>ALife\search\path_managers\path_manager_game\path_manager_game_level</Filter>
    </ClInclude>
    <ClInclude Include="path_manager_generic.h">
      <Filter>ALife\search\path_managers\path_manager_generic</Filter>
    </ClInclude>
    <ClInclude Include="path_manager_generic_inline.h">
      <Filter>ALife\search\path_managers\path_manager_generic</Filter>
    </ClInclude>
    <ClInclude Include="path_manager_level.h">
      <Filter>ALife\search\path_managers\path_manager_level</Filter>
    </ClInclude>
    <ClInclude Include="path_manager_level_inline.h">
      <Filter>ALife\search\path_managers\path_manager_level</Filter>
    </ClInclude>
    <ClInclude Include="path_manager_level_evaluator.h">
      <Filter>ALife\search\path_managers\path_manager_level\path_manager_level_evaluator</Filter>
    </ClInclude>
    <ClInclude Include="path_manager_level_evaluator_inline.h">
      <Filter>ALife\search\path_managers\path_manager_level\path_manager_level_evaluator</Filter>
    </ClInclude>
    <ClInclude Include="path_manager_level_flooder.h">
      <Filter>ALife\search\path_managers\path_manager_level\path_manager_level_flooder</Filter>
    </ClInclude>
    <ClInclude Include="path_manager_level_flooder_inline.h">
      <Filter>ALife\search\path_managers\path_manager_level\path_manager_level_flooder</Filter>
    </ClInclude>
    <ClInclude Include="path_manager_level_straight_line.h">
      <Filter>ALife\search\path_managers\path_manager_level\path_manager_level_straight_line</Filter>
    </ClInclude>
    <ClInclude Include="path_manager_level_straight_line_inline.h">
      <Filter>ALife\search\path_managers\path_manager_level\path_manager_level_straight_line</Filter>
    </ClInclude>
    <ClInclude Include="path_manager_params.h">
      <Filter>ALife\search\path_managers\path_manager_params</Filter>
    </ClInclude>
    <ClInclude Include="path_manager_params_flooder.h">
      <Filter>ALife\search\path_managers\path_manager_params</Filter>
    </ClInclude>
    <ClInclude Include="path_manager_params_game_level.h">
      <Filter>ALife\search\path_managers\path_manager_params</Filter>
    </ClInclude>
    <ClInclude Include="path_manager_params_straight_line.h">
      <Filter>ALife\search\path_managers\path_manager_params</Filter>
    </ClInclude>
    <ClInclude Include="a_star.h">
      <Filter>ALife\search\algorithms\A%2a</Filter>
    </ClInclude>
    <ClInclude Include="a_star_inline.h">
      <Filter>ALife\search\algorithms\A%2a</Filter>
    </ClInclude>
    <ClInclude Include="dijkstra.h">
      <Filter>ALife\search\algorithms\Dijkstra</Filter>
    </ClInclude>
    <ClInclude Include="dijkstra_inline.h">
      <Filter>ALife\search\algorithms\Dijkstra</Filter>
    </ClInclude>
    <ClInclude Include="data_storage_binary_heap.h">
      <Filter>ALife\search\data_storages\algorithms\priority_queues\binary_heap</Filter>
    </ClInclude>
    <ClInclude Include="data_storage_binary_heap_inline.h">
      <Filter>ALife\search\data_storages\algorithms\priority_queues\binary_heap</Filter>
    </ClInclude>
    <ClInclude Include="data_storage_bucket_list.h">
      <Filter>ALife\search\data_storages\algorithms\lists\bucket_list</Filter>
    </ClInclude>
    <ClInclude Include="data_storage_bucket_list_inline.h">
      <Filter>ALife\search\data_storages\algorithms\lists\bucket_list</Filter>
    </ClInclude>
    <ClInclude Include="data_storage_double_linked_list.h">
      <Filter>ALife\search\data_storages\algorithms\lists\double_linked_list</Filter>
    </ClInclude>
    <ClInclude Include="data_storage_double_linked_list_inline.h">
      <Filter>ALife\search\data_storages\algorithms\lists\double_linked_list</Filter>
    </ClInclude>
    <ClInclude Include="data_storage_single_linked_list.h">
      <Filter>ALife\search\data_storages\algorithms\lists\single_linked_list</Filter>
    </ClInclude>
    <ClInclude Include="data_storage_single_linked_list_inline.h">
      <Filter>ALife\search\data_storages\algorithms\lists\single_linked_list</Filter>
    </ClInclude>
    <ClInclude Include="data_storage_constructor.h">
      <Filter>ALife\search\data_storages\data_storage_constructors</Filter>
    </ClInclude>
    <ClInclude Include="builder_allocator_constructor.h">
      <Filter>ALife\search\data_storages\data_storage_constructors\builder_allocator</Filter>
    </ClInclude>
    <ClInclude Include="builder_allocator_constructor_inline.h">
      <Filter>ALife\search\data_storages\data_storage_constructors\builder_allocator</Filter>
    </ClInclude>
    <ClInclude Include="manager_builder_allocator_constructor.h">
      <Filter>ALife\search\data_storages\data_storage_constructors\manager_builder_allocator</Filter>
    </ClInclude>
    <ClInclude Include="manager_builder_allocator_constructor_inline.h">
      <Filter>ALife\search\data_storages\data_storage_constructors\manager_builder_allocator</Filter>
    </ClInclude>
    <ClInclude Include="edge_path.h">
      <Filter>ALife\search\data_storages\path_builders\edge_path</Filter>
    </ClInclude>
    <ClInclude Include="edge_path_inline.h">
      <Filter>ALife\search\data_storages\path_builders\edge_path</Filter>
    </ClInclude>
    <ClInclude Include="vertex_path.h">
      <Filter>ALife\search\data_storages\path_builders\vertex_path</Filter>
    </ClInclude>
    <ClInclude Include="vertex_path_inline.h">
      <Filter>ALife\search\data_storages\path_builders\vertex_path</Filter>
    </ClInclude>
    <ClInclude Include="vertex_allocator_fixed.h">
      <Filter>ALife\search\data_storages\vertex_allocators\fixed</Filter>
    </ClInclude>
    <ClInclude Include="vertex_allocator_fixed_inline.h">
      <Filter>ALife\search\data_storages\vertex_allocators\fixed</Filter>
    </ClInclude>
    <ClInclude Include="vertex_manager_fixed.h">
      <Filter>ALife\search\data_storages\vertex_managers\fixed</Filter>
    </ClInclude>
    <ClInclude Include="vertex_manager_fixed_inline.h">
      <Filter>ALife\search\data_storages\vertex_managers\fixed</Filter>
    </ClInclude>
    <ClInclude Include="vertex_manager_hash_fixed.h">
      <Filter>ALife\search\data_storages\vertex_managers\hash_fixed</Filter>
    </ClInclude>
    <ClInclude Include="vertex_manager_hash_fixed_inline.h">
      <Filter>ALife\search\data_storages\vertex_managers\hash_fixed</Filter>
    </ClInclude>
    <ClInclude Include="graph_abstract.h">
      <Filter>ALife\search\graphs\abstract_graph</Filter>
    </ClInclude>
    <ClInclude Include="graph_abstract_inline.h">
      <Filter>ALife\search\graphs\abstract_graph</Filter>
    </ClInclude>
    <ClInclude Include="graph_edge.h">
      <Filter>ALife\search\graphs\abstract_graph\graph_edge</Filter>
    </ClInclude>
    <ClInclude Include="graph_edge_inline.h">
      <Filter>ALife\search\graphs\abstract_graph\graph_edge</Filter>
    </ClInclude>
    <ClInclude Include="graph_vertex.h">
      <Filter>ALife\search\graphs\abstract_graph\graph_vertex</Filter>
    </ClInclude>
    <ClInclude Include="graph_vertex_inline.h">
      <Filter>ALife\search\graphs\abstract_graph\graph_vertex</Filter>
    </ClInclude>
    <ClInclude Include="game_level_cross_table.h">
      <Filter>ALife\search\graphs\cross_table</Filter>
    </ClInclude>
    <ClInclude Include="game_level_cross_table_inline.h">
      <Filter>ALife\search\graphs\cross_table</Filter>
    </ClInclude>
    <ClInclude Include="game_graph.h">
      <Filter>ALife\search\graphs\game_graph</Filter>
    </ClInclude>
    <ClInclude Include="game_graph_inline.h">
      <Filter>ALife\search\graphs\game_graph</Filter>
    </ClInclude>
    <ClInclude Include="game_graph_space.h">
      <Filter>ALife\search\graphs\game_graph</Filter>
    </ClInclude>
    <ClInclude Include="level_graph.h">
      <Filter>ALife\search\graphs\level_graph</Filter>
    </ClInclude>
    <ClInclude Include="level_graph_inline.h">
      <Filter>ALife\search\graphs\level_graph</Filter>
    </ClInclude>
    <ClInclude Include="level_graph_space.h">
      <Filter>ALife\search\graphs\level_graph</Filter>
    </ClInclude>
    <ClInclude Include="level_graph_vertex_inline.h">
      <Filter>ALife\search\graphs\level_graph</Filter>
    </ClInclude>
    <ClInclude Include="graph_engine.h">
      <Filter>ALife\search\graph_engine</Filter>
    </ClInclude>
    <ClInclude Include="graph_engine_inline.h">
      <Filter>ALife\search\graph_engine</Filter>
    </ClInclude>
    <ClInclude Include="graph_engine_space.h">
      <Filter>ALife\search\graph_engine</Filter>
    </ClInclude>
    <ClInclude Include="xrCrossTable.h">
      <Filter>ALife\Cross</Filter>
    </ClInclude>
    <ClInclude Include="game_graph_builder.h">
      <Filter>ALife\Graph</Filter>
    </ClInclude>
    <ClInclude Include="game_graph_builder_inline.h">
      <Filter>ALife\Graph</Filter>
    </ClInclude>
    <ClInclude Include="xr_graph_merge.h">
      <Filter>ALife\Merge</Filter>
    </ClInclude>
    <ClInclude Include="restriction_space.h">
      <Filter>ALife\Shared</Filter>
    </ClInclude>
    <ClInclude Include="Sound.h">
      <Filter>ALife\Shared</Filter>
    </ClInclude>
    <ClInclude Include="alife_artefact_order.h">
      <Filter>ALife\Shared\ALife\alife_artefact_order</Filter>
    </ClInclude>
    <ClInclude Include="alife_human_brain.h">
      <Filter>ALife\Shared\ALife\alife_human_brain</Filter>
    </ClInclude>
    <ClInclude Include="alife_human_brain_inline.h">
      <Filter>ALife\Shared\ALife\alife_human_brain</Filter>
    </ClInclude>
    <ClInclude Include="alife_monster_brain.h">
      <Filter>ALife\Shared\ALife\alife_monster_brain</Filter>
    </ClInclude>
    <ClInclude Include="alife_monster_brain_inline.h">
      <Filter>ALife\Shared\ALife\alife_monster_brain</Filter>
    </ClInclude>
    <ClInclude Include="alife_space.h">
      <Filter>ALife\Shared\ALife\alife_space</Filter>
    </ClInclude>
    <ClInclude Include="bone.h">
      <Filter>ALife\Shared\ServerEntities</Filter>
    </ClInclude>
    <ClInclude Include="character_info_defs.h">
      <Filter>ALife\Shared\ServerEntities</Filter>
    </ClInclude>
    <ClInclude Include="ChooseTypes.h">
      <Filter>ALife\Shared\ServerEntities</Filter>
    </ClInclude>
    <ClInclude Include="DrawUtils.h">
      <Filter>ALife\Shared\ServerEntities</Filter>
    </ClInclude>
    <ClInclude Include="InfoPortionDefs.h">
      <Filter>ALife\Shared\ServerEntities</Filter>
    </ClInclude>
    <ClInclude Include="inventory_space.h">
      <Filter>ALife\Shared\ServerEntities</Filter>
    </ClInclude>
    <ClInclude Include="ItemListTypes.h">
      <Filter>ALife\Shared\ServerEntities</Filter>
    </ClInclude>
    <ClInclude Include="PropertiesListHelper.h">
      <Filter>ALife\Shared\ServerEntities</Filter>
    </ClInclude>
    <ClInclude Include="PropertiesListTypes.h">
      <Filter>ALife\Shared\ServerEntities</Filter>
    </ClInclude>
    <ClInclude Include="script_export_space.h">
      <Filter>ALife\Shared\ServerEntities</Filter>
    </ClInclude>
    <ClInclude Include="script_value_container.h">
      <Filter>ALife\Shared\ServerEntities</Filter>
    </ClInclude>
    <ClInclude Include="script_value_container_impl.h">
      <Filter>ALife\Shared\ServerEntities</Filter>
    </ClInclude>
    <ClInclude Include="ShapeData.h">
      <Filter>ALife\Shared\ServerEntities</Filter>
    </ClInclude>
    <ClInclude Include="WaveForm.h">
      <Filter>ALife\Shared\ServerEntities</Filter>
    </ClInclude>
    <ClInclude Include="xrEProps.h">
      <Filter>ALife\Shared\ServerEntities</Filter>
    </ClInclude>
    <ClInclude Include="xrServer_Object_Base.h">
      <Filter>ALife\Shared\ServerEntities</Filter>
    </ClInclude>
    <ClInclude Include="xrServer_Objects.h">
      <Filter>ALife\Shared\ServerEntities</Filter>
    </ClInclude>
    <ClInclude Include="xrServer_Objects_Abstract.h">
      <Filter>ALife\Shared\ServerEntities</Filter>
    </ClInclude>
    <ClInclude Include="xrServer_Objects_ALife.h">
      <Filter>ALife\Shared\ServerEntities</Filter>
    </ClInclude>
    <ClInclude Include="xrServer_Objects_ALife_All.h">
      <Filter>ALife\Shared\ServerEntities</Filter>
    </ClInclude>
    <ClInclude Include="xrServer_Objects_ALife_Items.h">
      <Filter>ALife\Shared\ServerEntities</Filter>
    </ClInclude>
    <ClInclude Include="xrServer_Objects_ALife_Monsters.h">
      <Filter>ALife\Shared\ServerEntities</Filter>
    </ClInclude>
    <ClInclude Include="xrServer_Space.h">
      <Filter>ALife\Shared\ServerEntities</Filter>
    </ClInclude>
    <ClInclude Include="client_id.h">
      <Filter>ALife\Shared\Server</Filter>
    </ClInclude>
    <ClInclude Include="game_base_space.h">
      <Filter>ALife\Shared\Server</Filter>
    </ClInclude>
    <ClInclude Include="NET_Compressor.h">
      <Filter>ALife\Shared\Server</Filter>
    </ClInclude>
    <ClInclude Include="NET_utils.h">
      <Filter>ALife\Shared\Server</Filter>
    </ClInclude>
    <ClInclude Include="PHNetState.h">
      <Filter>ALife\Shared\Server</Filter>
    </ClInclude>
    <ClInclude Include="PHSynchronize.h">
      <Filter>ALife\Shared\Server</Filter>
    </ClInclude>
    <ClInclude Include="xrMessages.h">
      <Filter>ALife\Shared\Server</Filter>
    </ClInclude>
    <ClInclude Include="object_broker.h">
      <Filter>ALife\Shared\ObjectBroker</Filter>
    </ClInclude>
    <ClInclude Include="object_cloner.h">
      <Filter>ALife\Shared\ObjectBroker</Filter>
    </ClInclude>
    <ClInclude Include="object_comparer.h">
      <Filter>ALife\Shared\ObjectBroker</Filter>
    </ClInclude>
    <ClInclude Include="object_destroyer.h">
      <Filter>ALife\Shared\ObjectBroker</Filter>
    </ClInclude>
    <ClInclude Include="object_interfaces.h">
      <Filter>ALife\Shared\ObjectBroker</Filter>
    </ClInclude>
    <ClInclude Include="object_loader.h">
      <Filter>ALife\Shared\ObjectBroker</Filter>
    </ClInclude>
    <ClInclude Include="object_saver.h">
      <Filter>ALife\Shared\ObjectBroker</Filter>
    </ClInclude>
    <ClInclude Include="object_type_traits.h">
      <Filter>ALife\Shared\ObjectBroker</Filter>
    </ClInclude>
    <ClInclude Include="clsid_game.h">
      <Filter>ALife\Shared\Common</Filter>
    </ClInclude>
    <ClInclude Include="profiler.h">
      <Filter>ALife\Shared\Common</Filter>
    </ClInclude>
    <ClInclude Include="smart_cast.h">
      <Filter>ALife\Shared\Common</Filter>
    </ClInclude>
    <ClInclude Include="smart_cast_impl0.h">
      <Filter>ALife\Shared\Common</Filter>
    </ClInclude>
    <ClInclude Include="smart_cast_impl1.h">
      <Filter>ALife\Shared\Common</Filter>
    </ClInclude>
    <ClInclude Include="smart_cast_impl2.h">
      <Filter>ALife\Shared\Common</Filter>
    </ClInclude>
    <ClInclude Include="intrusive_ptr.h">
      <Filter>ALife\Shared\IntrusivePtr</Filter>
    </ClInclude>
    <ClInclude Include="intrusive_ptr_inline.h">
      <Filter>ALife\Shared\IntrusivePtr</Filter>
    </ClInclude>
    <ClInclude Include="associative_vector.h">
      <Filter>ALife\Shared\associative_vector</Filter>
    </ClInclude>
    <ClInclude Include="associative_vector_compare_predicate.h">
      <Filter>ALife\Shared\associative_vector</Filter>
    </ClInclude>
    <ClInclude Include="associative_vector_compare_predicate_inline.h">
      <Filter>ALife\Shared\associative_vector</Filter>
    </ClInclude>
    <ClInclude Include="associative_vector_inline.h">
      <Filter>ALife\Shared\associative_vector</Filter>
    </ClInclude>
    <ClInclude Include="spawn_constructor_space.h">
      <Filter>ALife\Spawn</Filter>
    </ClInclude>
    <ClInclude Include="game_spawn_constructor.h">
      <Filter>ALife\Spawn\game_spawn_constructor</Filter>
    </ClInclude>
    <ClInclude Include="game_spawn_constructor_inline.h">
      <Filter>ALife\Spawn\game_spawn_constructor</Filter>
    </ClInclude>
    <ClInclude Include="level_spawn_constructor.h">
      <Filter>ALife\Spawn\level_spawn_constructor</Filter>
    </ClInclude>
    <ClInclude Include="level_spawn_constructor_inline.h">
      <Filter>ALife\Spawn\level_spawn_constructor</Filter>
    </ClInclude>
    <ClInclude Include="space_restrictor_wrapper.h">
      <Filter>ALife\Spawn\level_spawn_constructor\space_restrictor_wrapper</Filter>
    </ClInclude>
    <ClInclude Include="space_restrictor_wrapper_inline.h">
      <Filter>ALife\Spawn\level_spawn_constructor\space_restrictor_wrapper</Filter>
    </ClInclude>
    <ClInclude Include="server_entity_wrapper.h">
      <Filter>ALife\Spawn\server_entity_wrapper</Filter>
    </ClInclude>
    <ClInclude Include="server_entity_wrapper_inline.h">
      <Filter>ALife\Spawn\server_entity_wrapper</Filter>
    </ClInclude>
    <ClInclude Include="patrol_path.h">
      <Filter>ALife\Spawn\patrol_paths\patrol_path</Filter>
    </ClInclude>
    <ClInclude Include="patrol_path_inline.h">
      <Filter>ALife\Spawn\patrol_paths\patrol_path</Filter>
    </ClInclude>
    <ClInclude Include="patrol_path_storage.h">
      <Filter>ALife\Spawn\patrol_paths\patrol_path_storage</Filter>
    </ClInclude>
    <ClInclude Include="patrol_path_storage_inline.h">
      <Filter>ALife\Spawn\patrol_paths\patrol_path_storage</Filter>
    </ClInclude>
    <ClInclude Include="patrol_point.h">
      <Filter>ALife\Spawn\patrol_paths\patrol_point</Filter>
    </ClInclude>
    <ClInclude Include="patrol_point_inline.h">
      <Filter>ALife\Spawn\patrol_paths\patrol_point</Filter>
    </ClInclude>
    <ClInclude Include="guid_generator.h">
      <Filter>ALife\guid_generator</Filter>
    </ClInclude>
  </ItemGroup>
  <ItemGroup>
    <ClCompile Include="StdAfx.cpp">
      <Filter>Kernel</Filter>
    </ClCompile>
    <ClCompile Include="tga.cpp">
      <Filter>Kernel</Filter>
    </ClCompile>
    <ClCompile Include="xrAI.cpp">
      <Filter>Kernel</Filter>
    </ClCompile>
    <ClCompile Include="xrThread.cpp">
      <Filter>Kernel</Filter>
    </ClCompile>
    <ClCompile Include="cl_log.cpp">
      <Filter>Kernel\Log</Filter>
    </ClCompile>
    <ClCompile Include="cl_collector.cpp">
      <Filter>Kernel\CDB</Filter>
    </ClCompile>
    <ClCompile Include="random32.cpp">
      <Filter>Kernel\Random32</Filter>
    </ClCompile>
    <ClCompile Include="_buildnodes_view.cpp">
      <Filter>Compiler</Filter>
    </ClCompile>
    <ClCompile Include="compiler.cpp">
      <Filter>Compiler</Filter>
    </ClCompile>
    <ClCompile Include="compiler_build.cpp">
      <Filter>Compiler</Filter>
    </ClCompile>
    <ClCompile Include="compiler_cover.cpp">
      <Filter>Compiler</Filter>
    </ClCompile>
    <ClCompile Include="compiler_display.cpp">
      <Filter>Compiler</Filter>
    </ClCompile>
    <ClCompile Include="compiler_light.cpp">
      <Filter>Compiler</Filter>
    </ClCompile>
    <ClCompile Include="compiler_link.cpp">
      <Filter>Compiler</Filter>
    </ClCompile>
    <ClCompile Include="compiler_load.cpp">
      <Filter>Compiler</Filter>
    </ClCompile>
    <ClCompile Include="compiler_merge.cpp">
      <Filter>Compiler</Filter>
    </ClCompile>
    <ClCompile Include="compiler_palettize_covers.cpp">
      <Filter>Compiler</Filter>
    </ClCompile>
    <ClCompile Include="compiler_save.cpp">
      <Filter>Compiler</Filter>
    </ClCompile>
    <ClCompile Include="compiler_smooth.cpp">
      <Filter>Compiler</Filter>
    </ClCompile>
    <ClCompile Include="motion_simulator.cpp">
      <Filter>Compiler</Filter>
    </ClCompile>
    <ClCompile Include="xrLoadSurface.cpp">
      <Filter>Compiler</Filter>
    </ClCompile>
    <ClCompile Include="level_graph.cpp">
      <Filter>ALife\search\graphs\level_graph</Filter>
    </ClCompile>
    <ClCompile Include="level_graph_vertex.cpp">
      <Filter>ALife\search\graphs\level_graph</Filter>
    </ClCompile>
    <ClCompile Include="xrCrossTable.cpp">
      <Filter>ALife\Cross</Filter>
    </ClCompile>
    <ClCompile Include="game_graph_builder.cpp">
      <Filter>ALife\Graph</Filter>
    </ClCompile>
    <ClCompile Include="xr_graph_merge.cpp">
      <Filter>ALife\Merge</Filter>
    </ClCompile>
    <ClCompile Include="alife_artefact_order.cpp">
      <Filter>ALife\Shared\ALife\alife_artefact_order</Filter>
    </ClCompile>
    <ClCompile Include="alife_human_brain.cpp">
      <Filter>ALife\Shared\ALife\alife_human_brain</Filter>
    </ClCompile>
    <ClCompile Include="alife_monster_brain.cpp">
      <Filter>ALife\Shared\ALife\alife_monster_brain</Filter>
    </ClCompile>
    <ClCompile Include="alife_space.cpp">
      <Filter>ALife\Shared\ALife\alife_space</Filter>
    </ClCompile>
    <ClCompile Include="xrServer_Object_Base.cpp">
      <Filter>ALife\Shared\ServerEntities</Filter>
    </ClCompile>
    <ClCompile Include="xrServer_Objects.cpp">
      <Filter>ALife\Shared\ServerEntities</Filter>
    </ClCompile>
    <ClCompile Include="xrServer_Objects_Abstract.cpp">
      <Filter>ALife\Shared\ServerEntities</Filter>
    </ClCompile>
    <ClCompile Include="xrServer_Objects_ALife.cpp">
      <Filter>ALife\Shared\ServerEntities</Filter>
    </ClCompile>
    <ClCompile Include="xrServer_Objects_ALife_Items.cpp">
      <Filter>ALife\Shared\ServerEntities</Filter>
    </ClCompile>
    <ClCompile Include="xrServer_Objects_ALife_Monsters.cpp">
      <Filter>ALife\Shared\ServerEntities</Filter>
    </ClCompile>
    <ClCompile Include="PHNetState.cpp">
      <Filter>ALife\Shared\Server</Filter>
    </ClCompile>
    <ClCompile Include="PHSynchronize.cpp">
      <Filter>ALife\Shared\Server</Filter>
    </ClCompile>
    <ClCompile Include="smart_cast.cpp">
      <Filter>ALife\Shared\Common</Filter>
    </ClCompile>
    <ClCompile Include="smart_cast_stats.cpp">
      <Filter>ALife\Shared\Common</Filter>
    </ClCompile>
    <ClCompile Include="game_spawn_constructor.cpp">
      <Filter>ALife\Spawn\game_spawn_constructor</Filter>
    </ClCompile>
    <ClCompile Include="level_spawn_constructor.cpp">
      <Filter>ALife\Spawn\level_spawn_constructor</Filter>
    </ClCompile>
    <ClCompile Include="space_restrictor_wrapper.cpp">
      <Filter>ALife\Spawn\level_spawn_constructor\space_restrictor_wrapper</Filter>
    </ClCompile>
    <ClCompile Include="server_entity_wrapper.cpp">
      <Filter>ALife\Spawn\server_entity_wrapper</Filter>
    </ClCompile>
    <ClCompile Include="patrol_path.cpp">
      <Filter>ALife\Spawn\patrol_paths\patrol_path</Filter>
    </ClCompile>
    <ClCompile Include="patrol_path_storage.cpp">
      <Filter>ALife\Spawn\patrol_paths\patrol_path_storage</Filter>
    </ClCompile>
    <ClCompile Include="patrol_point.cpp">
      <Filter>ALife\Spawn\patrol_paths\patrol_point</Filter>
    </ClCompile>
    <ClCompile Include="verify_level_graph.cpp">
      <Filter>ALife\Verify</Filter>
    </ClCompile>
    <ClCompile Include="guid_generator.cpp">
      <Filter>ALife\guid_generator</Filter>
    </ClCompile>
  </ItemGroup>
  <ItemGroup>
    <ResourceCompile Include="resource.rc">
      <Filter>Kernel\Resource Files</Filter>
    </ResourceCompile>
  </ItemGroup>
</Project>