<?xml version="1.0" encoding="utf-8"?>
<Project ToolsVersion="4.0" xmlns="http://schemas.microsoft.com/developer/msbuild/2003">
  <ItemGroup>
    <Filter Include="Kernel">
      <UniqueIdentifier>{4c9c3753-a618-48b8-a5ea-d998febcaeae}</UniqueIdentifier>
    </Filter>
    <Filter Include="Kernel\Resources">
      <UniqueIdentifier>{578423a9-78df-4e85-830d-73ba8dcaf438}</UniqueIdentifier>
    </Filter>
    <Filter Include="Kernel\Log">
      <UniqueIdentifier>{aace0ee6-18cc-43ad-a5a8-4420e563e247}</UniqueIdentifier>
    </Filter>
    <Filter Include="Kernel\Generic">
      <UniqueIdentifier>{d0a6f165-ef43-468d-b59f-b49f4207392b}</UniqueIdentifier>
    </Filter>
    <Filter Include="Kernel\CDB">
      <UniqueIdentifier>{50c014b6-c449-4679-a1c4-d4d531d0be06}</UniqueIdentifier>
    </Filter>
  </ItemGroup>
  <ItemGroup>
    <ClInclude Include="_d3d_extensions.h">
      <Filter>Kernel</Filter>
    </ClInclude>
    <ClInclude Include="defines.h">
      <Filter>Kernel</Filter>
    </ClInclude>
    <ClInclude Include="StdAfx.h">
      <Filter>Kernel</Filter>
    </ClInclude>
    <ClInclude Include="tga.h">
      <Filter>Kernel</Filter>
    </ClInclude>
    <ClInclude Include="xrSyncronize.h">
      <Filter>Kernel</Filter>
    </ClInclude>
    <ClInclude Include="xrThread.h">
      <Filter>Kernel</Filter>
    </ClInclude>
    <ClInclude Include="resource.h">
      <Filter>Kernel\Resources</Filter>
    </ClInclude>
    <ClInclude Include="cl_log.h">
      <Filter>Kernel\Log</Filter>
    </ClInclude>
    <ClInclude Include="std_classes.h">
      <Filter>Kernel\Generic</Filter>
    </ClInclude>
    <ClInclude Include="cl_intersect.h">
      <Filter>Kernel\CDB</Filter>
    </ClInclude>
    <ClInclude Include="xrCDB.h">
      <Filter>Kernel\CDB</Filter>
    </ClInclude>
    <ClInclude Include="communicate.h" />
    <ClInclude Include="DetailFormat.h" />
    <ClInclude Include="ETextureParams.h" />
    <ClInclude Include="FreeImage.h" />
    <ClInclude Include="light.h" />
    <ClInclude Include="R_light.h" />
    <ClInclude Include="Shader_xrLC.h" />
    <ClInclude Include="xrHemisphere.h" />
    <ClInclude Include="xrLevel.h" />
    <ClInclude Include="xrShaderTypes.h" />
  </ItemGroup>
  <ItemGroup>
    <ClCompile Include="StdAfx.cpp">
      <Filter>Kernel</Filter>
    </ClCompile>
    <ClCompile Include="tga.cpp">
      <Filter>Kernel</Filter>
    </ClCompile>
    <ClCompile Include="xrThread.cpp">
      <Filter>Kernel</Filter>
    </ClCompile>
    <ClCompile Include="cl_log.cpp">
      <Filter>Kernel\Log</Filter>
    </ClCompile>
    <ClCompile Include="compiler.cpp" />
    <ClCompile Include="xrDO_Light.cpp" />
    <ClCompile Include="xrLoadSurface.cpp" />
  </ItemGroup>
  <ItemGroup>
    <ResourceCompile Include="resource.rc">
      <Filter>Kernel\Resources</Filter>
    </ResourceCompile>
  </ItemGroup>
</Project>